{
  "name": "pp",
  "lockfileVersion": 3,
  "requires": true,
  "packages": {
    "": {
      "dependencies": {
        "@emailjs/browser": "^3.12.1",
        "swiper": "^11.0.5"
      }
    },
    "node_modules/@emailjs/browser": {
      "version": "3.12.1",
      "resolved": "https://registry.npmjs.org/@emailjs/browser/-/browser-3.12.1.tgz",
      "integrity": "sha512-C5nK07CgSCFx3onsuRt/ZaaMvIi0T3SHHanM7fKozjSvbZu+OjHHP9W608fYpic0OavF7yIlfy4+lRDO33JdbA==",
      "engines": {
        "node": ">=14.0.0"
      }
    },
    "node_modules/swiper": {
      "version": "11.0.5",
      "resolved": "https://registry.npmjs.org/swiper/-/swiper-11.0.5.tgz",
      "integrity": "sha512-rhCwupqSyRnWrtNzWzemnBLMoyYuoDgGgspAm/8iBD3jCvAWycPLH4Z3TB0O5520DHLzMx94yUMH/B9Efpa48w==",
      "funding": [
        {
          "type": "patreon",
          "url": "https://www.patreon.com/swiperjs"
        },
        {
          "type": "open_collective",
          "url": "http://opencollective.com/swiper"
        }
      ],
      "engines": {
        "node": ">= 4.7.0"
      }
    }
  }
}
